
Microsoft Visual Studio Solution File, Format Version 12.00
# Visual Studio 15
VisualStudioVersion = 15.0.26124.0
MinimumVisualStudioVersion = 15.0.26124.0
Project("{2150E333-8FDC-42A3-9474-1A3956D46DE8}") = "src", "src", "{50DADEA5-EA5D-49F7-9B16-4D5F4A89CAA3}"
EndProject
Project("{FAE04EC0-301F-11D3-BF4B-00C04F79EFBC}") = "ProcessManager", "src\ProcessManager\ProcessManager.csproj", "{8E8FE34D-3B12-472B-BF68-FE8B9FE3A611}"
EndProject
Global
	GlobalSection(SolutionConfigurationPlatforms) = preSolution
		Debug|Any CPU = Debug|Any CPU
		Debug|x64 = Debug|x64
		Debug|x86 = Debug|x86
		Release|Any CPU = Release|Any CPU
		Release|x64 = Release|x64
		Release|x86 = Release|x86
	EndGlobalSection
	GlobalSection(SolutionProperties) = preSolution
		HideSolutionNode = FALSE
	EndGlobalSection
	GlobalSection(ProjectConfigurationPlatforms) = postSolution
		{8E8FE34D-3B12-472B-BF68-FE8B9FE3A611}.Debug|Any CPU.ActiveCfg = Debug|Any CPU
		{8E8FE34D-3B12-472B-BF68-FE8B9FE3A611}.Debug|Any CPU.Build.0 = Debug|Any CPU
		{8E8FE34D-3B12-472B-BF68-FE8B9FE3A611}.Debug|x64.ActiveCfg = Debug|Any CPU
		{8E8FE34D-3B12-472B-BF68-FE8B9FE3A611}.Debug|x64.Build.0 = Debug|Any CPU
		{8E8FE34D-3B12-472B-BF68-FE8B9FE3A611}.Debug|x86.ActiveCfg = Debug|Any CPU
		{8E8FE34D-3B12-472B-BF68-FE8B9FE3A611}.Debug|x86.Build.0 = Debug|Any CPU
		{8E8FE34D-3B12-472B-BF68-FE8B9FE3A611}.Release|Any CPU.ActiveCfg = Release|Any CPU
		{8E8FE34D-3B12-472B-BF68-FE8B9FE3A611}.Release|Any CPU.Build.0 = Release|Any CPU
		{8E8FE34D-3B12-472B-BF68-FE8B9FE3A611}.Release|x64.ActiveCfg = Release|Any CPU
		{8E8FE34D-3B12-472B-BF68-FE8B9FE3A611}.Release|x64.Build.0 = Release|Any CPU
		{8E8FE34D-3B12-472B-BF68-FE8B9FE3A611}.Release|x86.ActiveCfg = Release|Any CPU
		{8E8FE34D-3B12-472B-BF68-FE8B9FE3A611}.Release|x86.Build.0 = Release|Any CPU
	EndGlobalSection
	GlobalSection(NestedProjects) = preSolution
		{8E8FE34D-3B12-472B-BF68-FE8B9FE3A611} = {50DADEA5-EA5D-49F7-9B16-4D5F4A89CAA3}
	EndGlobalSection
EndGlobal
