
Microsoft Visual Studio Solution File, Format Version 12.00
# Visual Studio 15
VisualStudioVersion = 15.0.26124.0
MinimumVisualStudioVersion = 15.0.26124.0
Project("{2150E333-8FDC-42A3-9474-1A3956D46DE8}") = "src", "src", "{08C1CCD5-40E6-4FFA-912D-60CF47B2FFBA}"
EndProject
Project("{FAE04EC0-301F-11D3-BF4B-00C04F79EFBC}") = "Microsoft.Diagnostics.Tools.RuntimeClient", "src\Microsoft.Diagnostics.Tools.RuntimeClient\Microsoft.Diagnostics.Tools.RuntimeClient.csproj", "{94215821-B839-455C-8D0C-EDA7516B3FEF}"
EndProject
Project("{FAE04EC0-301F-11D3-BF4B-00C04F79EFBC}") = "ProcessManager", "src\ProcessManager\ProcessManager.csproj", "{EC67CF0A-C386-4C3F-BB0F-D5534BBCDD03}"
EndProject
Global
	GlobalSection(SolutionConfigurationPlatforms) = preSolution
		Debug|Any CPU = Debug|Any CPU
		Debug|x64 = Debug|x64
		Debug|x86 = Debug|x86
		Release|Any CPU = Release|Any CPU
		Release|x64 = Release|x64
		Release|x86 = Release|x86
	EndGlobalSection
	GlobalSection(SolutionProperties) = preSolution
		HideSolutionNode = FALSE
	EndGlobalSection
	GlobalSection(ProjectConfigurationPlatforms) = postSolution
		{94215821-B839-455C-8D0C-EDA7516B3FEF}.Debug|Any CPU.ActiveCfg = Debug|Any CPU
		{94215821-B839-455C-8D0C-EDA7516B3FEF}.Debug|Any CPU.Build.0 = Debug|Any CPU
		{94215821-B839-455C-8D0C-EDA7516B3FEF}.Debug|x64.ActiveCfg = Debug|Any CPU
		{94215821-B839-455C-8D0C-EDA7516B3FEF}.Debug|x64.Build.0 = Debug|Any CPU
		{94215821-B839-455C-8D0C-EDA7516B3FEF}.Debug|x86.ActiveCfg = Debug|Any CPU
		{94215821-B839-455C-8D0C-EDA7516B3FEF}.Debug|x86.Build.0 = Debug|Any CPU
		{94215821-B839-455C-8D0C-EDA7516B3FEF}.Release|Any CPU.ActiveCfg = Release|Any CPU
		{94215821-B839-455C-8D0C-EDA7516B3FEF}.Release|Any CPU.Build.0 = Release|Any CPU
		{94215821-B839-455C-8D0C-EDA7516B3FEF}.Release|x64.ActiveCfg = Release|Any CPU
		{94215821-B839-455C-8D0C-EDA7516B3FEF}.Release|x64.Build.0 = Release|Any CPU
		{94215821-B839-455C-8D0C-EDA7516B3FEF}.Release|x86.ActiveCfg = Release|Any CPU
		{94215821-B839-455C-8D0C-EDA7516B3FEF}.Release|x86.Build.0 = Release|Any CPU
		{EC67CF0A-C386-4C3F-BB0F-D5534BBCDD03}.Debug|Any CPU.ActiveCfg = Debug|Any CPU
		{EC67CF0A-C386-4C3F-BB0F-D5534BBCDD03}.Debug|Any CPU.Build.0 = Debug|Any CPU
		{EC67CF0A-C386-4C3F-BB0F-D5534BBCDD03}.Debug|x64.ActiveCfg = Debug|Any CPU
		{EC67CF0A-C386-4C3F-BB0F-D5534BBCDD03}.Debug|x64.Build.0 = Debug|Any CPU
		{EC67CF0A-C386-4C3F-BB0F-D5534BBCDD03}.Debug|x86.ActiveCfg = Debug|Any CPU
		{EC67CF0A-C386-4C3F-BB0F-D5534BBCDD03}.Debug|x86.Build.0 = Debug|Any CPU
		{EC67CF0A-C386-4C3F-BB0F-D5534BBCDD03}.Release|Any CPU.ActiveCfg = Release|Any CPU
		{EC67CF0A-C386-4C3F-BB0F-D5534BBCDD03}.Release|Any CPU.Build.0 = Release|Any CPU
		{EC67CF0A-C386-4C3F-BB0F-D5534BBCDD03}.Release|x64.ActiveCfg = Release|Any CPU
		{EC67CF0A-C386-4C3F-BB0F-D5534BBCDD03}.Release|x64.Build.0 = Release|Any CPU
		{EC67CF0A-C386-4C3F-BB0F-D5534BBCDD03}.Release|x86.ActiveCfg = Release|Any CPU
		{EC67CF0A-C386-4C3F-BB0F-D5534BBCDD03}.Release|x86.Build.0 = Release|Any CPU
	EndGlobalSection
	GlobalSection(NestedProjects) = preSolution
		{94215821-B839-455C-8D0C-EDA7516B3FEF} = {08C1CCD5-40E6-4FFA-912D-60CF47B2FFBA}
		{EC67CF0A-C386-4C3F-BB0F-D5534BBCDD03} = {08C1CCD5-40E6-4FFA-912D-60CF47B2FFBA}
	EndGlobalSection
EndGlobal
